
Microsoft Visual Studio Solution File, Format Version 12.00
# Visual Studio 2013
VisualStudioVersion = 12.0.40629.0
MinimumVisualStudioVersion = 10.0.40219.1
Project("{888888A0-9F3D-457C-B088-3A5042F75D52}") = "LogAnProject", "LogAnProject\LogAnProject.pyproj", "{A9710DFD-63F4-4515-80C2-325794F349F5}"
EndProject
Project("{888888A0-9F3D-457C-B088-3A5042F75D52}") = "LogAnUnitTests", "LogAnUnitTests\LogAnUnitTests.pyproj", "{40BC062B-D256-46FA-90EA-099C2683EF0C}"
EndProject
Project("{2150E333-8FDC-42A3-9474-1A3956D46DE8}") = "ArtofUnitTest", "ArtofUnitTest", "{723F6CBC-D0EA-4123-A750-E34F7FA21B71}"
EndProject
Global
	GlobalSection(SolutionConfigurationPlatforms) = preSolution
		Debug|Any CPU = Debug|Any CPU
		Release|Any CPU = Release|Any CPU
	EndGlobalSection
	GlobalSection(ProjectConfigurationPlatforms) = postSolution
		{A9710DFD-63F4-4515-80C2-325794F349F5}.Debug|Any CPU.ActiveCfg = Debug|Any CPU
		{A9710DFD-63F4-4515-80C2-325794F349F5}.Release|Any CPU.ActiveCfg = Release|Any CPU
		{40BC062B-D256-46FA-90EA-099C2683EF0C}.Debug|Any CPU.ActiveCfg = Debug|Any CPU
		{40BC062B-D256-46FA-90EA-099C2683EF0C}.Release|Any CPU.ActiveCfg = Release|Any CPU
	EndGlobalSection
	GlobalSection(SolutionProperties) = preSolution
		HideSolutionNode = FALSE
	EndGlobalSection
	GlobalSection(NestedProjects) = preSolution
		{A9710DFD-63F4-4515-80C2-325794F349F5} = {723F6CBC-D0EA-4123-A750-E34F7FA21B71}
		{40BC062B-D256-46FA-90EA-099C2683EF0C} = {723F6CBC-D0EA-4123-A750-E34F7FA21B71}
	EndGlobalSection
EndGlobal
